// !$*UTF8*$!
{
	archiveVersion = 1;
	classes = {
	};
	objectVersion = 54;
	objects = {

/* Begin PBXBuildFile section */
		0C80B921A6F3F58F76C31292 /* libPods-tDownloader.a in Frameworks */ = {isa = PBXBuildFile; fileRef = 5DCACB8F33CDC322A6C60F78 /* libPods-tDownloader.a */; };
		13B07FBF1A68108700A75B9A /* Images.xcassets in Resources */ = {isa = PBXBuildFile; fileRef = 13B07FB51A68108700A75B9A /* Images.xcassets */; };
		761780ED2CA45674006654EE /* AppDelegate.swift in Sources */ = {isa = PBXBuildFile; fileRef = 761780EC2CA45674006654EE /* AppDelegate.swift */; };
		81AB9BB82411601600AC10FF /* LaunchScreen.storyboard in Resources */ = {isa = PBXBuildFile; fileRef = 81AB9BB72411601600AC10FF /* LaunchScreen.storyboard */; };
		134967833F784F4390CEEAED /* GoogleSansCode-ExtraBold.ttf in Resources */ = {isa = PBXBuildFile; fileRef = 81A867F6B2054801B9753348 /* GoogleSansCode-ExtraBold.ttf */; };
		B14AD8C571224ECCB84B76E9 /* GoogleSansCode-MediumItalic.ttf in Resources */ = {isa = PBXBuildFile; fileRef = 942580486799428CBD16E505 /* GoogleSansCode-MediumItalic.ttf */; };
		7CA73DA2CD964D7EB606BA98 /* GoogleSansCode-SemiBoldItalic.ttf in Resources */ = {isa = PBXBuildFile; fileRef = 7ACC5AC7ADDC4056B0DEAAE9 /* GoogleSansCode-SemiBoldItalic.ttf */; };
		0832D03FF664444DB7CC37E1 /* GoogleSansCode-ExtraBoldItalic.ttf in Resources */ = {isa = PBXBuildFile; fileRef = 1CD35329E639407D90079961 /* GoogleSansCode-ExtraBoldItalic.ttf */; };
		5CB2430A383E4BAD8DE2358B /* GoogleSansCode-Regular.ttf in Resources */ = {isa = PBXBuildFile; fileRef = A3156BCBF02C4D3E9DF41708 /* GoogleSansCode-Regular.ttf */; };
		E2B998F12776416587E56F05 /* GoogleSansCode-Medium.ttf in Resources */ = {isa = PBXBuildFile; fileRef = C2539DC6AEE345849EF0E555 /* GoogleSansCode-Medium.ttf */; };
		6031BBBAF32C43AC960A5421 /* GoogleSansCode-Bold.ttf in Resources */ = {isa = PBXBuildFile; fileRef = 3233444378DA4A6C912DA409 /* GoogleSansCode-Bold.ttf */; };
		C0D055BD159A41D8B3D1FA0B /* GoogleSansCode-SemiBold.ttf in Resources */ = {isa = PBXBuildFile; fileRef = 8745F305DF5343509F3E7556 /* GoogleSansCode-SemiBold.ttf */; };
		89DDE8A46F3147BB83263BF7 /* GoogleSansCode-VariableFont_wght.ttf in Resources */ = {isa = PBXBuildFile; fileRef = DA48A3BF14AC4D66B7424EBC /* GoogleSansCode-VariableFont_wght.ttf */; };
		DFF43E5C2499497E8CC423F3 /* Mulish-ExtraBold.ttf in Resources */ = {isa = PBXBuildFile; fileRef = 86DCE7853D6A4BD5A1D9F9FD /* Mulish-ExtraBold.ttf */; };
		5524824FB5A54B5CA52588F9 /* Mulish-BlackItalic.ttf in Resources */ = {isa = PBXBuildFile; fileRef = 9E08198BBF1B4506A435A73A /* Mulish-BlackItalic.ttf */; };
		D3F8776A25C74AB18310B0A8 /* Mulish-ExtraLightItalic.ttf in Resources */ = {isa = PBXBuildFile; fileRef = D2D0DDF0569F4E7F92D16FC4 /* Mulish-ExtraLightItalic.ttf */; };
		3DD3BC64372041DCA87017D8 /* Mulish-Italic-VariableFont_wght.ttf in Resources */ = {isa = PBXBuildFile; fileRef = 833A9C2A9E7543FD9D7A5D54 /* Mulish-Italic-VariableFont_wght.ttf */; };
		CE103E7DC88F471398557E2F /* Mulish-SemiBoldItalic.ttf in Resources */ = {isa = PBXBuildFile; fileRef = 17226679DDB74EBABC74E4FC /* Mulish-SemiBoldItalic.ttf */; };
		FC78F797DA254045A6CAE2B8 /* Mulish-LightItalic.ttf in Resources */ = {isa = PBXBuildFile; fileRef = 092395BD28CD42F6891088A6 /* Mulish-LightItalic.ttf */; };
		805F68134B434DE78A73258B /* Mulish-VariableFont_wght.ttf in Resources */ = {isa = PBXBuildFile; fileRef = 80B64A621C6044179A52EC73 /* Mulish-VariableFont_wght.ttf */; };
		108D8B2916B24E0A986EE023 /* Mulish-Black.ttf in Resources */ = {isa = PBXBuildFile; fileRef = B12AD0BD65A04B82BC964021 /* Mulish-Black.ttf */; };
		4B0FAE34BACF4A6D89E91CC9 /* Mulish-SemiBold.ttf in Resources */ = {isa = PBXBuildFile; fileRef = 43113E5B3B0445EAAF0EA9DA /* Mulish-SemiBold.ttf */; };
		716F5FAD8AE946AC8323F49B /* Mulish-Medium.ttf in Resources */ = {isa = PBXBuildFile; fileRef = 9C998439A3874C65B7296465 /* Mulish-Medium.ttf */; };
		4C938B622BA94EB38689CE17 /* Mulish-Bold.ttf in Resources */ = {isa = PBXBuildFile; fileRef = 1AEEEFE6AB244BDD939F54B5 /* Mulish-Bold.ttf */; };
		474B46584BC74D66865E9CD6 /* Mulish-Regular.ttf in Resources */ = {isa = PBXBuildFile; fileRef = 4C2BD9DB3AAB44B9B23D4E58 /* Mulish-Regular.ttf */; };
		C58EF08D12A341489AFF33B4 /* Mulish-ExtraLight.ttf in Resources */ = {isa = PBXBuildFile; fileRef = 91C8E71458EF417EAF485372 /* Mulish-ExtraLight.ttf */; };
		2738FB5EC9E04A2D88E08703 /* Mulish-ExtraBoldItalic.ttf in Resources */ = {isa = PBXBuildFile; fileRef = 3D08B8C2591A47E58A73B8A8 /* Mulish-ExtraBoldItalic.ttf */; };
		5F56E9A34B28411B8D1E9A33 /* Mulish-BoldItalic.ttf in Resources */ = {isa = PBXBuildFile; fileRef = 3793DA13706541EE9DAD036A /* Mulish-BoldItalic.ttf */; };
		F9F8B5D6FDF64B94929C4035 /* Mulish-MediumItalic.ttf in Resources */ = {isa = PBXBuildFile; fileRef = 1EBEE23574E14FA3B78BFD6E /* Mulish-MediumItalic.ttf */; };
		32A89489D06D486A81674280 /* Mulish-Light.ttf in Resources */ = {isa = PBXBuildFile; fileRef = 039733B1389846D3B1CAC9D8 /* Mulish-Light.ttf */; };
		15EDA80187E7447498702006 /* Mulish-Italic.ttf in Resources */ = {isa = PBXBuildFile; fileRef = 1B1F270837B14262BBB83636 /* Mulish-Italic.ttf */; };
/* End PBXBuildFile section */

/* Begin PBXFileReference section */
		13B07F961A680F5B00A75B9A /* tDownloader.app */ = {isa = PBXFileReference; explicitFileType = wrapper.application; includeInIndex = 0; path = tDownloader.app; sourceTree = BUILT_PRODUCTS_DIR; };
		13B07FB51A68108700A75B9A /* Images.xcassets */ = {isa = PBXFileReference; lastKnownFileType = folder.assetcatalog; name = Images.xcassets; path = tDownloader/Images.xcassets; sourceTree = "<group>"; };
		13B07FB61A68108700A75B9A /* Info.plist */ = {isa = PBXFileReference; fileEncoding = 4; lastKnownFileType = text.plist.xml; name = Info.plist; path = tDownloader/Info.plist; sourceTree = "<group>"; };
		13B07FB81A68108700A75B9A /* PrivacyInfo.xcprivacy */ = {isa = PBXFileReference; fileEncoding = 4; lastKnownFileType = text.plist.xml; name = PrivacyInfo.xcprivacy; path = tDownloader/PrivacyInfo.xcprivacy; sourceTree = "<group>"; };
		3B4392A12AC88292D35C810B /* Pods-tDownloader.debug.xcconfig */ = {isa = PBXFileReference; includeInIndex = 1; lastKnownFileType = text.xcconfig; name = "Pods-tDownloader.debug.xcconfig"; path = "Target Support Files/Pods-tDownloader/Pods-tDownloader.debug.xcconfig"; sourceTree = "<group>"; };
		5709B34CF0A7D63546082F79 /* Pods-tDownloader.release.xcconfig */ = {isa = PBXFileReference; includeInIndex = 1; lastKnownFileType = text.xcconfig; name = "Pods-tDownloader.release.xcconfig"; path = "Target Support Files/Pods-tDownloader/Pods-tDownloader.release.xcconfig"; sourceTree = "<group>"; };
		5DCACB8F33CDC322A6C60F78 /* libPods-tDownloader.a */ = {isa = PBXFileReference; explicitFileType = archive.ar; includeInIndex = 0; path = "libPods-tDownloader.a"; sourceTree = BUILT_PRODUCTS_DIR; };
		761780EC2CA45674006654EE /* AppDelegate.swift */ = {isa = PBXFileReference; lastKnownFileType = sourcecode.swift; name = AppDelegate.swift; path = tDownloader/AppDelegate.swift; sourceTree = "<group>"; };
		81AB9BB72411601600AC10FF /* LaunchScreen.storyboard */ = {isa = PBXFileReference; fileEncoding = 4; lastKnownFileType = file.storyboard; name = LaunchScreen.storyboard; path = tDownloader/LaunchScreen.storyboard; sourceTree = "<group>"; };
		ED297162215061F000B7C4FE /* JavaScriptCore.framework */ = {isa = PBXFileReference; lastKnownFileType = wrapper.framework; name = JavaScriptCore.framework; path = System/Library/Frameworks/JavaScriptCore.framework; sourceTree = SDKROOT; };
		81A867F6B2054801B9753348 /* GoogleSansCode-ExtraBold.ttf */ = {isa = PBXFileReference; name = "GoogleSansCode-ExtraBold.ttf"; path = "../src/assets/fonts/GoogleSansCode-ExtraBold.ttf"; sourceTree = "<group>"; fileEncoding = undefined; lastKnownFileType = unknown; explicitFileType = undefined; includeInIndex = 0; };
		942580486799428CBD16E505 /* GoogleSansCode-MediumItalic.ttf */ = {isa = PBXFileReference; name = "GoogleSansCode-MediumItalic.ttf"; path = "../src/assets/fonts/GoogleSansCode-MediumItalic.ttf"; sourceTree = "<group>"; fileEncoding = undefined; lastKnownFileType = unknown; explicitFileType = undefined; includeInIndex = 0; };
		7ACC5AC7ADDC4056B0DEAAE9 /* GoogleSansCode-SemiBoldItalic.ttf */ = {isa = PBXFileReference; name = "GoogleSansCode-SemiBoldItalic.ttf"; path = "../src/assets/fonts/GoogleSansCode-SemiBoldItalic.ttf"; sourceTree = "<group>"; fileEncoding = undefined; lastKnownFileType = unknown; explicitFileType = undefined; includeInIndex = 0; };
		1CD35329E639407D90079961 /* GoogleSansCode-ExtraBoldItalic.ttf */ = {isa = PBXFileReference; name = "GoogleSansCode-ExtraBoldItalic.ttf"; path = "../src/assets/fonts/GoogleSansCode-ExtraBoldItalic.ttf"; sourceTree = "<group>"; fileEncoding = undefined; lastKnownFileType = unknown; explicitFileType = undefined; includeInIndex = 0; };
		A3156BCBF02C4D3E9DF41708 /* GoogleSansCode-Regular.ttf */ = {isa = PBXFileReference; name = "GoogleSansCode-Regular.ttf"; path = "../src/assets/fonts/GoogleSansCode-Regular.ttf"; sourceTree = "<group>"; fileEncoding = undefined; lastKnownFileType = unknown; explicitFileType = undefined; includeInIndex = 0; };
		C2539DC6AEE345849EF0E555 /* GoogleSansCode-Medium.ttf */ = {isa = PBXFileReference; name = "GoogleSansCode-Medium.ttf"; path = "../src/assets/fonts/GoogleSansCode-Medium.ttf"; sourceTree = "<group>"; fileEncoding = undefined; lastKnownFileType = unknown; explicitFileType = undefined; includeInIndex = 0; };
		3233444378DA4A6C912DA409 /* GoogleSansCode-Bold.ttf */ = {isa = PBXFileReference; name = "GoogleSansCode-Bold.ttf"; path = "../src/assets/fonts/GoogleSansCode-Bold.ttf"; sourceTree = "<group>"; fileEncoding = undefined; lastKnownFileType = unknown; explicitFileType = undefined; includeInIndex = 0; };
		8745F305DF5343509F3E7556 /* GoogleSansCode-SemiBold.ttf */ = {isa = PBXFileReference; name = "GoogleSansCode-SemiBold.ttf"; path = "../src/assets/fonts/GoogleSansCode-SemiBold.ttf"; sourceTree = "<group>"; fileEncoding = undefined; lastKnownFileType = unknown; explicitFileType = undefined; includeInIndex = 0; };
		DA48A3BF14AC4D66B7424EBC /* GoogleSansCode-VariableFont_wght.ttf */ = {isa = PBXFileReference; name = "GoogleSansCode-VariableFont_wght.ttf"; path = "../src/assets/fonts/GoogleSansCode-VariableFont_wght.ttf"; sourceTree = "<group>"; fileEncoding = undefined; lastKnownFileType = unknown; explicitFileType = undefined; includeInIndex = 0; };
		86DCE7853D6A4BD5A1D9F9FD /* Mulish-ExtraBold.ttf */ = {isa = PBXFileReference; name = "Mulish-ExtraBold.ttf"; path = "../src/assets/fonts/Mulish-ExtraBold.ttf"; sourceTree = "<group>"; fileEncoding = undefined; lastKnownFileType = unknown; explicitFileType = undefined; includeInIndex = 0; };
		9E08198BBF1B4506A435A73A /* Mulish-BlackItalic.ttf */ = {isa = PBXFileReference; name = "Mulish-BlackItalic.ttf"; path = "../src/assets/fonts/Mulish-BlackItalic.ttf"; sourceTree = "<group>"; fileEncoding = undefined; lastKnownFileType = unknown; explicitFileType = undefined; includeInIndex = 0; };
		D2D0DDF0569F4E7F92D16FC4 /* Mulish-ExtraLightItalic.ttf */ = {isa = PBXFileReference; name = "Mulish-ExtraLightItalic.ttf"; path = "../src/assets/fonts/Mulish-ExtraLightItalic.ttf"; sourceTree = "<group>"; fileEncoding = undefined; lastKnownFileType = unknown; explicitFileType = undefined; includeInIndex = 0; };
		833A9C2A9E7543FD9D7A5D54 /* Mulish-Italic-VariableFont_wght.ttf */ = {isa = PBXFileReference; name = "Mulish-Italic-VariableFont_wght.ttf"; path = "../src/assets/fonts/Mulish-Italic-VariableFont_wght.ttf"; sourceTree = "<group>"; fileEncoding = undefined; lastKnownFileType = unknown; explicitFileType = undefined; includeInIndex = 0; };
		17226679DDB74EBABC74E4FC /* Mulish-SemiBoldItalic.ttf */ = {isa = PBXFileReference; name = "Mulish-SemiBoldItalic.ttf"; path = "../src/assets/fonts/Mulish-SemiBoldItalic.ttf"; sourceTree = "<group>"; fileEncoding = undefined; lastKnownFileType = unknown; explicitFileType = undefined; includeInIndex = 0; };
		092395BD28CD42F6891088A6 /* Mulish-LightItalic.ttf */ = {isa = PBXFileReference; name = "Mulish-LightItalic.ttf"; path = "../src/assets/fonts/Mulish-LightItalic.ttf"; sourceTree = "<group>"; fileEncoding = undefined; lastKnownFileType = unknown; explicitFileType = undefined; includeInIndex = 0; };
		80B64A621C6044179A52EC73 /* Mulish-VariableFont_wght.ttf */ = {isa = PBXFileReference; name = "Mulish-VariableFont_wght.ttf"; path = "../src/assets/fonts/Mulish-VariableFont_wght.ttf"; sourceTree = "<group>"; fileEncoding = undefined; lastKnownFileType = unknown; explicitFileType = undefined; includeInIndex = 0; };
		B12AD0BD65A04B82BC964021 /* Mulish-Black.ttf */ = {isa = PBXFileReference; name = "Mulish-Black.ttf"; path = "../src/assets/fonts/Mulish-Black.ttf"; sourceTree = "<group>"; fileEncoding = undefined; lastKnownFileType = unknown; explicitFileType = undefined; includeInIndex = 0; };
		43113E5B3B0445EAAF0EA9DA /* Mulish-SemiBold.ttf */ = {isa = PBXFileReference; name = "Mulish-SemiBold.ttf"; path = "../src/assets/fonts/Mulish-SemiBold.ttf"; sourceTree = "<group>"; fileEncoding = undefined; lastKnownFileType = unknown; explicitFileType = undefined; includeInIndex = 0; };
		9C998439A3874C65B7296465 /* Mulish-Medium.ttf */ = {isa = PBXFileReference; name = "Mulish-Medium.ttf"; path = "../src/assets/fonts/Mulish-Medium.ttf"; sourceTree = "<group>"; fileEncoding = undefined; lastKnownFileType = unknown; explicitFileType = undefined; includeInIndex = 0; };
		1AEEEFE6AB244BDD939F54B5 /* Mulish-Bold.ttf */ = {isa = PBXFileReference; name = "Mulish-Bold.ttf"; path = "../src/assets/fonts/Mulish-Bold.ttf"; sourceTree = "<group>"; fileEncoding = undefined; lastKnownFileType = unknown; explicitFileType = undefined; includeInIndex = 0; };
		4C2BD9DB3AAB44B9B23D4E58 /* Mulish-Regular.ttf */ = {isa = PBXFileReference; name = "Mulish-Regular.ttf"; path = "../src/assets/fonts/Mulish-Regular.ttf"; sourceTree = "<group>"; fileEncoding = undefined; lastKnownFileType = unknown; explicitFileType = undefined; includeInIndex = 0; };
		91C8E71458EF417EAF485372 /* Mulish-ExtraLight.ttf */ = {isa = PBXFileReference; name = "Mulish-ExtraLight.ttf"; path = "../src/assets/fonts/Mulish-ExtraLight.ttf"; sourceTree = "<group>"; fileEncoding = undefined; lastKnownFileType = unknown; explicitFileType = undefined; includeInIndex = 0; };
		3D08B8C2591A47E58A73B8A8 /* Mulish-ExtraBoldItalic.ttf */ = {isa = PBXFileReference; name = "Mulish-ExtraBoldItalic.ttf"; path = "../src/assets/fonts/Mulish-ExtraBoldItalic.ttf"; sourceTree = "<group>"; fileEncoding = undefined; lastKnownFileType = unknown; explicitFileType = undefined; includeInIndex = 0; };
		3793DA13706541EE9DAD036A /* Mulish-BoldItalic.ttf */ = {isa = PBXFileReference; name = "Mulish-BoldItalic.ttf"; path = "../src/assets/fonts/Mulish-BoldItalic.ttf"; sourceTree = "<group>"; fileEncoding = undefined; lastKnownFileType = unknown; explicitFileType = undefined; includeInIndex = 0; };
		1EBEE23574E14FA3B78BFD6E /* Mulish-MediumItalic.ttf */ = {isa = PBXFileReference; name = "Mulish-MediumItalic.ttf"; path = "../src/assets/fonts/Mulish-MediumItalic.ttf"; sourceTree = "<group>"; fileEncoding = undefined; lastKnownFileType = unknown; explicitFileType = undefined; includeInIndex = 0; };
		039733B1389846D3B1CAC9D8 /* Mulish-Light.ttf */ = {isa = PBXFileReference; name = "Mulish-Light.ttf"; path = "../src/assets/fonts/Mulish-Light.ttf"; sourceTree = "<group>"; fileEncoding = undefined; lastKnownFileType = unknown; explicitFileType = undefined; includeInIndex = 0; };
		1B1F270837B14262BBB83636 /* Mulish-Italic.ttf */ = {isa = PBXFileReference; name = "Mulish-Italic.ttf"; path = "../src/assets/fonts/Mulish-Italic.ttf"; sourceTree = "<group>"; fileEncoding = undefined; lastKnownFileType = unknown; explicitFileType = undefined; includeInIndex = 0; };
/* End PBXFileReference section */

/* Begin PBXFrameworksBuildPhase section */
		13B07F8C1A680F5B00A75B9A /* Frameworks */ = {
			isa = PBXFrameworksBuildPhase;
			buildActionMask = 2147483647;
			files = (
				0C80B921A6F3F58F76C31292 /* libPods-tDownloader.a in Frameworks */,
			);
			runOnlyForDeploymentPostprocessing = 0;
		};
/* End PBXFrameworksBuildPhase section */

/* Begin PBXGroup section */
		13B07FAE1A68108700A75B9A /* tDownloader */ = {
			isa = PBXGroup;
			children = (
				13B07FB51A68108700A75B9A /* Images.xcassets */,
				761780EC2CA45674006654EE /* AppDelegate.swift */,
				13B07FB61A68108700A75B9A /* Info.plist */,
				81AB9BB72411601600AC10FF /* LaunchScreen.storyboard */,
				13B07FB81A68108700A75B9A /* PrivacyInfo.xcprivacy */,
			);
			name = tDownloader;
			sourceTree = "<group>";
		};
		2D16E6871FA4F8E400B85C8A /* Frameworks */ = {
			isa = PBXGroup;
			children = (
				ED297162215061F000B7C4FE /* JavaScriptCore.framework */,
				5DCACB8F33CDC322A6C60F78 /* libPods-tDownloader.a */,
			);
			name = Frameworks;
			sourceTree = "<group>";
		};
		832341AE1AAA6A7D00B99B32 /* Libraries */ = {
			isa = PBXGroup;
			children = (
			);
			name = Libraries;
			sourceTree = "<group>";
		};
		83CBB9F61A601CBA00E9B192 = {
			isa = PBXGroup;
			children = (
				13B07FAE1A68108700A75B9A /* tDownloader */,
				832341AE1AAA6A7D00B99B32 /* Libraries */,
				83CBBA001A601CBA00E9B192 /* Products */,
				2D16E6871FA4F8E400B85C8A /* Frameworks */,
				BBD78D7AC51CEA395F1C20DB /* Pods */,
				B631BADD9CC0446096CE4F09 /* Resources */,
			);
			indentWidth = 2;
			sourceTree = "<group>";
			tabWidth = 2;
			usesTabs = 0;
		};
		83CBBA001A601CBA00E9B192 /* Products */ = {
			isa = PBXGroup;
			children = (
				13B07F961A680F5B00A75B9A /* tDownloader.app */,
			);
			name = Products;
			sourceTree = "<group>";
		};
		BBD78D7AC51CEA395F1C20DB /* Pods */ = {
			isa = PBXGroup;
			children = (
				3B4392A12AC88292D35C810B /* Pods-tDownloader.debug.xcconfig */,
				5709B34CF0A7D63546082F79 /* Pods-tDownloader.release.xcconfig */,
			);
			path = Pods;
			sourceTree = "<group>";
		};
		B631BADD9CC0446096CE4F09 /* Resources */ = {
			isa = "PBXGroup";
			children = (
				81A867F6B2054801B9753348 /* GoogleSansCode-ExtraBold.ttf */,
				942580486799428CBD16E505 /* GoogleSansCode-MediumItalic.ttf */,
				7ACC5AC7ADDC4056B0DEAAE9 /* GoogleSansCode-SemiBoldItalic.ttf */,
				1CD35329E639407D90079961 /* GoogleSansCode-ExtraBoldItalic.ttf */,
				A3156BCBF02C4D3E9DF41708 /* GoogleSansCode-Regular.ttf */,
				C2539DC6AEE345849EF0E555 /* GoogleSansCode-Medium.ttf */,
				3233444378DA4A6C912DA409 /* GoogleSansCode-Bold.ttf */,
				8745F305DF5343509F3E7556 /* GoogleSansCode-SemiBold.ttf */,
				DA48A3BF14AC4D66B7424EBC /* GoogleSansCode-VariableFont_wght.ttf */,
				86DCE7853D6A4BD5A1D9F9FD /* Mulish-ExtraBold.ttf */,
				9E08198BBF1B4506A435A73A /* Mulish-BlackItalic.ttf */,
				D2D0DDF0569F4E7F92D16FC4 /* Mulish-ExtraLightItalic.ttf */,
				833A9C2A9E7543FD9D7A5D54 /* Mulish-Italic-VariableFont_wght.ttf */,
				17226679DDB74EBABC74E4FC /* Mulish-SemiBoldItalic.ttf */,
				092395BD28CD42F6891088A6 /* Mulish-LightItalic.ttf */,
				80B64A621C6044179A52EC73 /* Mulish-VariableFont_wght.ttf */,
				B12AD0BD65A04B82BC964021 /* Mulish-Black.ttf */,
				43113E5B3B0445EAAF0EA9DA /* Mulish-SemiBold.ttf */,
				9C998439A3874C65B7296465 /* Mulish-Medium.ttf */,
				1AEEEFE6AB244BDD939F54B5 /* Mulish-Bold.ttf */,
				4C2BD9DB3AAB44B9B23D4E58 /* Mulish-Regular.ttf */,
				91C8E71458EF417EAF485372 /* Mulish-ExtraLight.ttf */,
				3D08B8C2591A47E58A73B8A8 /* Mulish-ExtraBoldItalic.ttf */,
				3793DA13706541EE9DAD036A /* Mulish-BoldItalic.ttf */,
				1EBEE23574E14FA3B78BFD6E /* Mulish-MediumItalic.ttf */,
				039733B1389846D3B1CAC9D8 /* Mulish-Light.ttf */,
				1B1F270837B14262BBB83636 /* Mulish-Italic.ttf */,
			);
			name = Resources;
			sourceTree = "<group>";
			path = "";
		};
/* End PBXGroup section */

/* Begin PBXNativeTarget section */
		13B07F861A680F5B00A75B9A /* tDownloader */ = {
			isa = PBXNativeTarget;
			buildConfigurationList = 13B07F931A680F5B00A75B9A /* Build configuration list for PBXNativeTarget "tDownloader" */;
			buildPhases = (
				C38B50BA6285516D6DCD4F65 /* [CP] Check Pods Manifest.lock */,
				13B07F871A680F5B00A75B9A /* Sources */,
				13B07F8C1A680F5B00A75B9A /* Frameworks */,
				13B07F8E1A680F5B00A75B9A /* Resources */,
				00DD1BFF1BD5951E006B06BC /* Bundle React Native code and images */,
				00EEFC60759A1932668264C0 /* [CP] Embed Pods Frameworks */,
				E235C05ADACE081382539298 /* [CP] Copy Pods Resources */,
			);
			buildRules = (
			);
			dependencies = (
			);
			name = tDownloader;
			productName = tDownloader;
			productReference = 13B07F961A680F5B00A75B9A /* tDownloader.app */;
			productType = "com.apple.product-type.application";
		};
/* End PBXNativeTarget section */

/* Begin PBXProject section */
		83CBB9F71A601CBA00E9B192 /* Project object */ = {
			isa = PBXProject;
			attributes = {
				LastUpgradeCheck = 1210;
				TargetAttributes = {
					13B07F861A680F5B00A75B9A = {
						LastSwiftMigration = 1120;
					};
				};
			};
			buildConfigurationList = 83CBB9FA1A601CBA00E9B192 /* Build configuration list for PBXProject "tDownloader" */;
			compatibilityVersion = "Xcode 12.0";
			developmentRegion = en;
			hasScannedForEncodings = 0;
			knownRegions = (
				en,
				Base,
			);
			mainGroup = 83CBB9F61A601CBA00E9B192;
			productRefGroup = 83CBBA001A601CBA00E9B192 /* Products */;
			projectDirPath = "";
			projectRoot = "";
			targets = (
				13B07F861A680F5B00A75B9A /* tDownloader */,
			);
		};
/* End PBXProject section */

/* Begin PBXResourcesBuildPhase section */
		13B07F8E1A680F5B00A75B9A /* Resources */ = {
			isa = PBXResourcesBuildPhase;
			buildActionMask = 2147483647;
			files = (
				81AB9BB82411601600AC10FF /* LaunchScreen.storyboard in Resources */,
				13B07FBF1A68108700A75B9A /* Images.xcassets in Resources */,
				134967833F784F4390CEEAED /* GoogleSansCode-ExtraBold.ttf in Resources */,
				B14AD8C571224ECCB84B76E9 /* GoogleSansCode-MediumItalic.ttf in Resources */,
				7CA73DA2CD964D7EB606BA98 /* GoogleSansCode-SemiBoldItalic.ttf in Resources */,
				0832D03FF664444DB7CC37E1 /* GoogleSansCode-ExtraBoldItalic.ttf in Resources */,
				5CB2430A383E4BAD8DE2358B /* GoogleSansCode-Regular.ttf in Resources */,
				E2B998F12776416587E56F05 /* GoogleSansCode-Medium.ttf in Resources */,
				6031BBBAF32C43AC960A5421 /* GoogleSansCode-Bold.ttf in Resources */,
				C0D055BD159A41D8B3D1FA0B /* GoogleSansCode-SemiBold.ttf in Resources */,
				89DDE8A46F3147BB83263BF7 /* GoogleSansCode-VariableFont_wght.ttf in Resources */,
				DFF43E5C2499497E8CC423F3 /* Mulish-ExtraBold.ttf in Resources */,
				5524824FB5A54B5CA52588F9 /* Mulish-BlackItalic.ttf in Resources */,
				D3F8776A25C74AB18310B0A8 /* Mulish-ExtraLightItalic.ttf in Resources */,
				3DD3BC64372041DCA87017D8 /* Mulish-Italic-VariableFont_wght.ttf in Resources */,
				CE103E7DC88F471398557E2F /* Mulish-SemiBoldItalic.ttf in Resources */,
				FC78F797DA254045A6CAE2B8 /* Mulish-LightItalic.ttf in Resources */,
				805F68134B434DE78A73258B /* Mulish-VariableFont_wght.ttf in Resources */,
				108D8B2916B24E0A986EE023 /* Mulish-Black.ttf in Resources */,
				4B0FAE34BACF4A6D89E91CC9 /* Mulish-SemiBold.ttf in Resources */,
				716F5FAD8AE946AC8323F49B /* Mulish-Medium.ttf in Resources */,
				4C938B622BA94EB38689CE17 /* Mulish-Bold.ttf in Resources */,
				474B46584BC74D66865E9CD6 /* Mulish-Regular.ttf in Resources */,
				C58EF08D12A341489AFF33B4 /* Mulish-ExtraLight.ttf in Resources */,
				2738FB5EC9E04A2D88E08703 /* Mulish-ExtraBoldItalic.ttf in Resources */,
				5F56E9A34B28411B8D1E9A33 /* Mulish-BoldItalic.ttf in Resources */,
				F9F8B5D6FDF64B94929C4035 /* Mulish-MediumItalic.ttf in Resources */,
				32A89489D06D486A81674280 /* Mulish-Light.ttf in Resources */,
				15EDA80187E7447498702006 /* Mulish-Italic.ttf in Resources */,
			);
			runOnlyForDeploymentPostprocessing = 0;
		};
/* End PBXResourcesBuildPhase section */

/* Begin PBXShellScriptBuildPhase section */
		00DD1BFF1BD5951E006B06BC /* Bundle React Native code and images */ = {
			isa = PBXShellScriptBuildPhase;
			buildActionMask = 2147483647;
			files = (
			);
			inputPaths = (
				"$(SRCROOT)/.xcode.env.local",
				"$(SRCROOT)/.xcode.env",
			);
			name = "Bundle React Native code and images";
			outputPaths = (
			);
			runOnlyForDeploymentPostprocessing = 0;
			shellPath = /bin/sh;
			shellScript = "set -e\n\nWITH_ENVIRONMENT=\"$REACT_NATIVE_PATH/scripts/xcode/with-environment.sh\"\nREACT_NATIVE_XCODE=\"$REACT_NATIVE_PATH/scripts/react-native-xcode.sh\"\n\n/bin/sh -c \"\\\"$WITH_ENVIRONMENT\\\" \\\"$REACT_NATIVE_XCODE\\\"\"\n";
		};
		00EEFC60759A1932668264C0 /* [CP] Embed Pods Frameworks */ = {
			isa = PBXShellScriptBuildPhase;
			buildActionMask = 2147483647;
			files = (
			);
			inputFileListPaths = (
				"${PODS_ROOT}/Target Support Files/Pods-tDownloader/Pods-tDownloader-frameworks-${CONFIGURATION}-input-files.xcfilelist",
			);
			name = "[CP] Embed Pods Frameworks";
			outputFileListPaths = (
				"${PODS_ROOT}/Target Support Files/Pods-tDownloader/Pods-tDownloader-frameworks-${CONFIGURATION}-output-files.xcfilelist",
			);
			runOnlyForDeploymentPostprocessing = 0;
			shellPath = /bin/sh;
			shellScript = "\"${PODS_ROOT}/Target Support Files/Pods-tDownloader/Pods-tDownloader-frameworks.sh\"\n";
			showEnvVarsInLog = 0;
		};
		C38B50BA6285516D6DCD4F65 /* [CP] Check Pods Manifest.lock */ = {
			isa = PBXShellScriptBuildPhase;
			buildActionMask = 2147483647;
			files = (
			);
			inputFileListPaths = (
			);
			inputPaths = (
				"${PODS_PODFILE_DIR_PATH}/Podfile.lock",
				"${PODS_ROOT}/Manifest.lock",
			);
			name = "[CP] Check Pods Manifest.lock";
			outputFileListPaths = (
			);
			outputPaths = (
				"$(DERIVED_FILE_DIR)/Pods-tDownloader-checkManifestLockResult.txt",
			);
			runOnlyForDeploymentPostprocessing = 0;
			shellPath = /bin/sh;
			shellScript = "diff \"${PODS_PODFILE_DIR_PATH}/Podfile.lock\" \"${PODS_ROOT}/Manifest.lock\" > /dev/null\nif [ $? != 0 ] ; then\n    # print error to STDERR\n    echo \"error: The sandbox is not in sync with the Podfile.lock. Run 'pod install' or update your CocoaPods installation.\" >&2\n    exit 1\nfi\n# This output is used by Xcode 'outputs' to avoid re-running this script phase.\necho \"SUCCESS\" > \"${SCRIPT_OUTPUT_FILE_0}\"\n";
			showEnvVarsInLog = 0;
		};
		E235C05ADACE081382539298 /* [CP] Copy Pods Resources */ = {
			isa = PBXShellScriptBuildPhase;
			buildActionMask = 2147483647;
			files = (
			);
			inputFileListPaths = (
				"${PODS_ROOT}/Target Support Files/Pods-tDownloader/Pods-tDownloader-resources-${CONFIGURATION}-input-files.xcfilelist",
			);
			name = "[CP] Copy Pods Resources";
			outputFileListPaths = (
				"${PODS_ROOT}/Target Support Files/Pods-tDownloader/Pods-tDownloader-resources-${CONFIGURATION}-output-files.xcfilelist",
			);
			runOnlyForDeploymentPostprocessing = 0;
			shellPath = /bin/sh;
			shellScript = "\"${PODS_ROOT}/Target Support Files/Pods-tDownloader/Pods-tDownloader-resources.sh\"\n";
			showEnvVarsInLog = 0;
		};
/* End PBXShellScriptBuildPhase section */

/* Begin PBXSourcesBuildPhase section */
		13B07F871A680F5B00A75B9A /* Sources */ = {
			isa = PBXSourcesBuildPhase;
			buildActionMask = 2147483647;
			files = (
				761780ED2CA45674006654EE /* AppDelegate.swift in Sources */,
			);
			runOnlyForDeploymentPostprocessing = 0;
		};
/* End PBXSourcesBuildPhase section */

/* Begin XCBuildConfiguration section */
		13B07F941A680F5B00A75B9A /* Debug */ = {
			isa = XCBuildConfiguration;
			baseConfigurationReference = 3B4392A12AC88292D35C810B /* Pods-tDownloader.debug.xcconfig */;
			buildSettings = {
				ASSETCATALOG_COMPILER_APPICON_NAME = AppIcon;
				CLANG_ENABLE_MODULES = YES;
				CURRENT_PROJECT_VERSION = 1;
				ENABLE_BITCODE = NO;
				INFOPLIST_FILE = tDownloader/Info.plist;
				IPHONEOS_DEPLOYMENT_TARGET = 15.1;
				LD_RUNPATH_SEARCH_PATHS = (
					"$(inherited)",
					"@executable_path/Frameworks",
				);
				MARKETING_VERSION = 1.0;
				OTHER_LDFLAGS = (
					"$(inherited)",
					"-ObjC",
					"-lc++",
				);
				PRODUCT_BUNDLE_IDENTIFIER = "org.reactjs.native.example.$(PRODUCT_NAME:rfc1034identifier)";
				PRODUCT_NAME = tDownloader;
				SWIFT_OPTIMIZATION_LEVEL = "-Onone";
				SWIFT_VERSION = 5.0;
				VERSIONING_SYSTEM = "apple-generic";
			};
			name = Debug;
		};
		13B07F951A680F5B00A75B9A /* Release */ = {
			isa = XCBuildConfiguration;
			baseConfigurationReference = 5709B34CF0A7D63546082F79 /* Pods-tDownloader.release.xcconfig */;
			buildSettings = {
				ASSETCATALOG_COMPILER_APPICON_NAME = AppIcon;
				CLANG_ENABLE_MODULES = YES;
				CURRENT_PROJECT_VERSION = 1;
				INFOPLIST_FILE = tDownloader/Info.plist;
				IPHONEOS_DEPLOYMENT_TARGET = 15.1;
				LD_RUNPATH_SEARCH_PATHS = (
					"$(inherited)",
					"@executable_path/Frameworks",
				);
				MARKETING_VERSION = 1.0;
				OTHER_LDFLAGS = (
					"$(inherited)",
					"-ObjC",
					"-lc++",
				);
				PRODUCT_BUNDLE_IDENTIFIER = "org.reactjs.native.example.$(PRODUCT_NAME:rfc1034identifier)";
				PRODUCT_NAME = tDownloader;
				SWIFT_VERSION = 5.0;
				VERSIONING_SYSTEM = "apple-generic";
			};
			name = Release;
		};
		83CBBA201A601CBA00E9B192 /* Debug */ = {
			isa = XCBuildConfiguration;
			buildSettings = {
				ALWAYS_SEARCH_USER_PATHS = NO;
				CLANG_ANALYZER_LOCALIZABILITY_NONLOCALIZED = YES;
				CLANG_CXX_LANGUAGE_STANDARD = "c++20";
				CLANG_CXX_LIBRARY = "libc++";
				CLANG_ENABLE_MODULES = YES;
				CLANG_ENABLE_OBJC_ARC = YES;
				CLANG_WARN_BLOCK_CAPTURE_AUTORELEASING = YES;
				CLANG_WARN_BOOL_CONVERSION = YES;
				CLANG_WARN_COMMA = YES;
				CLANG_WARN_CONSTANT_CONVERSION = YES;
				CLANG_WARN_DEPRECATED_OBJC_IMPLEMENTATIONS = YES;
				CLANG_WARN_DIRECT_OBJC_ISA_USAGE = YES_ERROR;
				CLANG_WARN_EMPTY_BODY = YES;
				CLANG_WARN_ENUM_CONVERSION = YES;
				CLANG_WARN_INFINITE_RECURSION = YES;
				CLANG_WARN_INT_CONVERSION = YES;
				CLANG_WARN_NON_LITERAL_NULL_CONVERSION = YES;
				CLANG_WARN_OBJC_IMPLICIT_RETAIN_SELF = YES;
				CLANG_WARN_OBJC_LITERAL_CONVERSION = YES;
				CLANG_WARN_OBJC_ROOT_CLASS = YES_ERROR;
				CLANG_WARN_QUOTED_INCLUDE_IN_FRAMEWORK_HEADER = YES;
				CLANG_WARN_RANGE_LOOP_ANALYSIS = YES;
				CLANG_WARN_STRICT_PROTOTYPES = YES;
				CLANG_WARN_SUSPICIOUS_MOVE = YES;
				CLANG_WARN_UNREACHABLE_CODE = YES;
				CLANG_WARN__DUPLICATE_METHOD_MATCH = YES;
				"CODE_SIGN_IDENTITY[sdk=iphoneos*]" = "iPhone Developer";
				COPY_PHASE_STRIP = NO;
				ENABLE_STRICT_OBJC_MSGSEND = YES;
				ENABLE_TESTABILITY = YES;
				"EXCLUDED_ARCHS[sdk=iphonesimulator*]" = "";
				GCC_C_LANGUAGE_STANDARD = gnu99;
				GCC_DYNAMIC_NO_PIC = NO;
				GCC_NO_COMMON_BLOCKS = YES;
				GCC_OPTIMIZATION_LEVEL = 0;
				GCC_PREPROCESSOR_DEFINITIONS = (
					"DEBUG=1",
					"$(inherited)",
				);
				GCC_SYMBOLS_PRIVATE_EXTERN = NO;
				GCC_WARN_64_TO_32_BIT_CONVERSION = YES;
				GCC_WARN_ABOUT_RETURN_TYPE = YES_ERROR;
				GCC_WARN_UNDECLARED_SELECTOR = YES;
				GCC_WARN_UNINITIALIZED_AUTOS = YES_AGGRESSIVE;
				GCC_WARN_UNUSED_FUNCTION = YES;
				GCC_WARN_UNUSED_VARIABLE = YES;
				IPHONEOS_DEPLOYMENT_TARGET = 15.1;
				LD_RUNPATH_SEARCH_PATHS = (
					/usr/lib/swift,
					"$(inherited)",
				);
				LIBRARY_SEARCH_PATHS = (
					"\"$(SDKROOT)/usr/lib/swift\"",
					"\"$(TOOLCHAIN_DIR)/usr/lib/swift/$(PLATFORM_NAME)\"",
					"\"$(inherited)\"",
				);
				MTL_ENABLE_DEBUG_INFO = YES;
				ONLY_ACTIVE_ARCH = YES;
				OTHER_CPLUSPLUSFLAGS = (
					"$(OTHER_CFLAGS)",
					"-DFOLLY_NO_CONFIG",
					"-DFOLLY_MOBILE=1",
					"-DFOLLY_USE_LIBCPP=1",
					"-DFOLLY_CFG_NO_COROUTINES=1",
					"-DFOLLY_HAVE_CLOCK_GETTIME=1",
				);
				SDKROOT = iphoneos;
			};
			name = Debug;
		};
		83CBBA211A601CBA00E9B192 /* Release */ = {
			isa = XCBuildConfiguration;
			buildSettings = {
				ALWAYS_SEARCH_USER_PATHS = NO;
				CLANG_ANALYZER_LOCALIZABILITY_NONLOCALIZED = YES;
				CLANG_CXX_LANGUAGE_STANDARD = "c++20";
				CLANG_CXX_LIBRARY = "libc++";
				CLANG_ENABLE_MODULES = YES;
				CLANG_ENABLE_OBJC_ARC = YES;
				CLANG_WARN_BLOCK_CAPTURE_AUTORELEASING = YES;
				CLANG_WARN_BOOL_CONVERSION = YES;
				CLANG_WARN_COMMA = YES;
				CLANG_WARN_CONSTANT_CONVERSION = YES;
				CLANG_WARN_DEPRECATED_OBJC_IMPLEMENTATIONS = YES;
				CLANG_WARN_DIRECT_OBJC_ISA_USAGE = YES_ERROR;
				CLANG_WARN_EMPTY_BODY = YES;
				CLANG_WARN_ENUM_CONVERSION = YES;
				CLANG_WARN_INFINITE_RECURSION = YES;
				CLANG_WARN_INT_CONVERSION = YES;
				CLANG_WARN_NON_LITERAL_NULL_CONVERSION = YES;
				CLANG_WARN_OBJC_IMPLICIT_RETAIN_SELF = YES;
				CLANG_WARN_OBJC_LITERAL_CONVERSION = YES;
				CLANG_WARN_OBJC_ROOT_CLASS = YES_ERROR;
				CLANG_WARN_QUOTED_INCLUDE_IN_FRAMEWORK_HEADER = YES;
				CLANG_WARN_RANGE_LOOP_ANALYSIS = YES;
				CLANG_WARN_STRICT_PROTOTYPES = YES;
				CLANG_WARN_SUSPICIOUS_MOVE = YES;
				CLANG_WARN_UNREACHABLE_CODE = YES;
				CLANG_WARN__DUPLICATE_METHOD_MATCH = YES;
				"CODE_SIGN_IDENTITY[sdk=iphoneos*]" = "iPhone Developer";
				COPY_PHASE_STRIP = YES;
				ENABLE_NS_ASSERTIONS = NO;
				ENABLE_STRICT_OBJC_MSGSEND = YES;
				"EXCLUDED_ARCHS[sdk=iphonesimulator*]" = "";
				GCC_C_LANGUAGE_STANDARD = gnu99;
				GCC_NO_COMMON_BLOCKS = YES;
				GCC_WARN_64_TO_32_BIT_CONVERSION = YES;
				GCC_WARN_ABOUT_RETURN_TYPE = YES_ERROR;
				GCC_WARN_UNDECLARED_SELECTOR = YES;
				GCC_WARN_UNINITIALIZED_AUTOS = YES_AGGRESSIVE;
				GCC_WARN_UNUSED_FUNCTION = YES;
				GCC_WARN_UNUSED_VARIABLE = YES;
				IPHONEOS_DEPLOYMENT_TARGET = 15.1;
				LD_RUNPATH_SEARCH_PATHS = (
					/usr/lib/swift,
					"$(inherited)",
				);
				LIBRARY_SEARCH_PATHS = (
					"\"$(SDKROOT)/usr/lib/swift\"",
					"\"$(TOOLCHAIN_DIR)/usr/lib/swift/$(PLATFORM_NAME)\"",
					"\"$(inherited)\"",
				);
				MTL_ENABLE_DEBUG_INFO = NO;
				OTHER_CPLUSPLUSFLAGS = (
					"$(OTHER_CFLAGS)",
					"-DFOLLY_NO_CONFIG",
					"-DFOLLY_MOBILE=1",
					"-DFOLLY_USE_LIBCPP=1",
					"-DFOLLY_CFG_NO_COROUTINES=1",
					"-DFOLLY_HAVE_CLOCK_GETTIME=1",
				);
				SDKROOT = iphoneos;
				VALIDATE_PRODUCT = YES;
			};
			name = Release;
		};
/* End XCBuildConfiguration section */

/* Begin XCConfigurationList section */
		13B07F931A680F5B00A75B9A /* Build configuration list for PBXNativeTarget "tDownloader" */ = {
			isa = XCConfigurationList;
			buildConfigurations = (
				13B07F941A680F5B00A75B9A /* Debug */,
				13B07F951A680F5B00A75B9A /* Release */,
			);
			defaultConfigurationIsVisible = 0;
			defaultConfigurationName = Release;
		};
		83CBB9FA1A601CBA00E9B192 /* Build configuration list for PBXProject "tDownloader" */ = {
			isa = XCConfigurationList;
			buildConfigurations = (
				83CBBA201A601CBA00E9B192 /* Debug */,
				83CBBA211A601CBA00E9B192 /* Release */,
			);
			defaultConfigurationIsVisible = 0;
			defaultConfigurationName = Release;
		};
/* End XCConfigurationList section */
	};
	rootObject = 83CBB9F71A601CBA00E9B192 /* Project object */;
}
